
Microsoft Visual Studio Solution File, Format Version 12.00
# Visual Studio 2012
Project("{8BC9CEB8-8B4A-11D0-8D11-00A0C91BC942}") = "FIFO_1", "FIFO_1.vcxproj", "{CCDBB039-2272-4071-87CB-1E95D6BED04D}"
EndProject
Global
	GlobalSection(SolutionConfigurationPlatforms) = preSolution
		Debug|Win32 = Debug|Win32
		Release|Win32 = Release|Win32
	EndGlobalSection
	GlobalSection(ProjectConfigurationPlatforms) = postSolution
		{CCDBB039-2272-4071-87CB-1E95D6BED04D}.Debug|Win32.ActiveCfg = Debug|Win32
		{CCDBB039-2272-4071-87CB-1E95D6BED04D}.Debug|Win32.Build.0 = Debug|Win32
		{CCDBB039-2272-4071-87CB-1E95D6BED04D}.Release|Win32.ActiveCfg = Release|Win32
		{CCDBB039-2272-4071-87CB-1E95D6BED04D}.Release|Win32.Build.0 = Release|Win32
	EndGlobalSection
	GlobalSection(SolutionProperties) = preSolution
		HideSolutionNode = FALSE
	EndGlobalSection
	GlobalSection(Performance) = preSolution
		HasPerformanceSessions = true
	EndGlobalSection
EndGlobal
